
Microsoft Visual Studio Solution File, Format Version 12.00
# Visual Studio 14
VisualStudioVersion = 14.0.25420.1
MinimumVisualStudioVersion = 10.0.40219.1
Project("{FAE04EC0-301F-11D3-BF4B-00C04F79EFBC}") = "Ninja.DomainClasses", "Ninja.DomainClasses\Ninja.DomainClasses.csproj", "{DD307251-514D-4888-BA31-ADFD6CFD2ACB}"
EndProject
Project("{FAE04EC0-301F-11D3-BF4B-00C04F79EFBC}") = "Ninja.DataModel", "Ninja.DataModel\Ninja.DataModel.csproj", "{3032DACB-F2BA-486F-B6EF-9A72A7E3F2DF}"
EndProject
Global
	GlobalSection(SolutionConfigurationPlatforms) = preSolution
		Debug|Any CPU = Debug|Any CPU
		Release|Any CPU = Release|Any CPU
	EndGlobalSection
	GlobalSection(ProjectConfigurationPlatforms) = postSolution
		{DD307251-514D-4888-BA31-ADFD6CFD2ACB}.Debug|Any CPU.ActiveCfg = Debug|Any CPU
		{DD307251-514D-4888-BA31-ADFD6CFD2ACB}.Debug|Any CPU.Build.0 = Debug|Any CPU
		{DD307251-514D-4888-BA31-ADFD6CFD2ACB}.Release|Any CPU.ActiveCfg = Release|Any CPU
		{DD307251-514D-4888-BA31-ADFD6CFD2ACB}.Release|Any CPU.Build.0 = Release|Any CPU
		{3032DACB-F2BA-486F-B6EF-9A72A7E3F2DF}.Debug|Any CPU.ActiveCfg = Debug|Any CPU
		{3032DACB-F2BA-486F-B6EF-9A72A7E3F2DF}.Debug|Any CPU.Build.0 = Debug|Any CPU
		{3032DACB-F2BA-486F-B6EF-9A72A7E3F2DF}.Release|Any CPU.ActiveCfg = Release|Any CPU
		{3032DACB-F2BA-486F-B6EF-9A72A7E3F2DF}.Release|Any CPU.Build.0 = Release|Any CPU
	EndGlobalSection
	GlobalSection(SolutionProperties) = preSolution
		HideSolutionNode = FALSE
	EndGlobalSection
EndGlobal
